
Microsoft Visual Studio Solution File, Format Version 12.00
# Visual Studio 14
VisualStudioVersion = 14.0.24720.0
MinimumVisualStudioVersion = 10.0.40219.1
Project("{FAE04EC0-301F-11D3-BF4B-00C04F79EFBC}") = "DateTimeToReadable", "ConsoleApplication41\DateTimeToReadable.csproj", "{499A7B03-C031-4693-BAF2-3BC1667DBD7C}"
EndProject
Project("{FAE04EC0-301F-11D3-BF4B-00C04F79EFBC}") = "DateTimeToReadableTests", "DateTimeToReadableTests\DateTimeToReadableTests.csproj", "{D80C75B0-FE76-4B5B-876D-A0FA2FFCC890}"
EndProject
Global
	GlobalSection(SolutionConfigurationPlatforms) = preSolution
		Debug|Any CPU = Debug|Any CPU
		Release|Any CPU = Release|Any CPU
	EndGlobalSection
	GlobalSection(ProjectConfigurationPlatforms) = postSolution
		{499A7B03-C031-4693-BAF2-3BC1667DBD7C}.Debug|Any CPU.ActiveCfg = Debug|Any CPU
		{499A7B03-C031-4693-BAF2-3BC1667DBD7C}.Debug|Any CPU.Build.0 = Debug|Any CPU
		{499A7B03-C031-4693-BAF2-3BC1667DBD7C}.Release|Any CPU.ActiveCfg = Release|Any CPU
		{499A7B03-C031-4693-BAF2-3BC1667DBD7C}.Release|Any CPU.Build.0 = Release|Any CPU
		{D80C75B0-FE76-4B5B-876D-A0FA2FFCC890}.Debug|Any CPU.ActiveCfg = Debug|Any CPU
		{D80C75B0-FE76-4B5B-876D-A0FA2FFCC890}.Debug|Any CPU.Build.0 = Debug|Any CPU
		{D80C75B0-FE76-4B5B-876D-A0FA2FFCC890}.Release|Any CPU.ActiveCfg = Release|Any CPU
		{D80C75B0-FE76-4B5B-876D-A0FA2FFCC890}.Release|Any CPU.Build.0 = Release|Any CPU
	EndGlobalSection
	GlobalSection(SolutionProperties) = preSolution
		HideSolutionNode = FALSE
	EndGlobalSection
EndGlobal
